// !$*UTF8*$!
{
	archiveVersion = 1;
	classes = {
	};
	objectVersion = 46;
	objects = {

/* Begin PBXBuildFile section */
		181A67191A37EA4800E01468 /* set_charge.png in Resources */ = {isa = PBXBuildFile; fileRef = 181A67171A37EA4800E01468 /* set_charge.png */; };
		181A671A1A37EA4800E01468 /* set_va.png in Resources */ = {isa = PBXBuildFile; fileRef = 181A67181A37EA4800E01468 /* set_va.png */; };
		181A671D1A37F45A00E01468 /* cir1.png in Resources */ = {isa = PBXBuildFile; fileRef = 181A671B1A37F45A00E01468 /* cir1.png */; };
		181A671E1A37F45A00E01468 /* cir2.png in Resources */ = {isa = PBXBuildFile; fileRef = 181A671C1A37F45A00E01468 /* cir2.png */; };
		181A67201A38364100E01468 /* set_fee.png in Resources */ = {isa = PBXBuildFile; fileRef = 181A671F1A38364100E01468 /* set_fee.png */; };
		183E69741A4113AD001DB687 /* cipher.png in Resources */ = {isa = PBXBuildFile; fileRef = 183E696E1A4113AD001DB687 /* cipher.png */; };
		183E69751A4113AD001DB687 /* name.png in Resources */ = {isa = PBXBuildFile; fileRef = 183E696F1A4113AD001DB687 /* name.png */; };
		183E69761A4113AD001DB687 /* remember.png in Resources */ = {isa = PBXBuildFile; fileRef = 183E69701A4113AD001DB687 /* remember.png */; };
		183E69771A4113AD001DB687 /* remember_down.png in Resources */ = {isa = PBXBuildFile; fileRef = 183E69711A4113AD001DB687 /* remember_down.png */; };
		183E69781A4113AD001DB687 /* 盒2FDF~1_02.png in Resources */ = {isa = PBXBuildFile; fileRef = 183E69721A4113AD001DB687 /* 盒2FDF~1_02.png */; };
		183E69791A4113AD001DB687 /* 盒子注册.png in Resources */ = {isa = PBXBuildFile; fileRef = 183E69731A4113AD001DB687 /* 盒子注册.png */; };
		185541951A36D19400B8876E /* main.m in Sources */ = {isa = PBXBuildFile; fileRef = 185541941A36D19400B8876E /* main.m */; };
		185541981A36D19400B8876E /* AppDelegate.m in Sources */ = {isa = PBXBuildFile; fileRef = 185541971A36D19400B8876E /* AppDelegate.m */; };
		1855419B1A36D19400B8876E /* ViewController.m in Sources */ = {isa = PBXBuildFile; fileRef = 1855419A1A36D19400B8876E /* ViewController.m */; };
		1855419E1A36D19400B8876E /* Main.storyboard in Resources */ = {isa = PBXBuildFile; fileRef = 1855419C1A36D19400B8876E /* Main.storyboard */; };
		185541A01A36D19400B8876E /* Images.xcassets in Resources */ = {isa = PBXBuildFile; fileRef = 1855419F1A36D19400B8876E /* Images.xcassets */; };
		185541A31A36D19400B8876E /* LaunchScreen.xib in Resources */ = {isa = PBXBuildFile; fileRef = 185541A11A36D19400B8876E /* LaunchScreen.xib */; };
		185541AF1A36D19400B8876E /* UUBoxSomethingTests.m in Sources */ = {isa = PBXBuildFile; fileRef = 185541AE1A36D19400B8876E /* UUBoxSomethingTests.m */; };
		185541BD1A36D2FA00B8876E /* signin_back.jpg in Resources */ = {isa = PBXBuildFile; fileRef = 185541BC1A36D2FA00B8876E /* signin_back.jpg */; };
		185541BF1A36D3E300B8876E /* signin_figure.png in Resources */ = {isa = PBXBuildFile; fileRef = 185541BE1A36D3E300B8876E /* signin_figure.png */; };
		185541C11A36D93E00B8876E /* signin_bac.png in Resources */ = {isa = PBXBuildFile; fileRef = 185541C01A36D93E00B8876E /* signin_bac.png */; };
		185541C31A36DDA000B8876E /* signin_bt.png in Resources */ = {isa = PBXBuildFile; fileRef = 185541C21A36DDA000B8876E /* signin_bt.png */; };
		185541C81A36E40400B8876E /* set_back.png in Resources */ = {isa = PBXBuildFile; fileRef = 185541C71A36E40400B8876E /* set_back.png */; };
		187518571A4D1E320016BE2C /* mycir1.png in Resources */ = {isa = PBXBuildFile; fileRef = 187518551A4D1E320016BE2C /* mycir1.png */; };
		187518581A4D1E320016BE2C /* mycir2.png in Resources */ = {isa = PBXBuildFile; fileRef = 187518561A4D1E320016BE2C /* mycir2.png */; };
		1875185B1A4D26C90016BE2C /* scan.png in Resources */ = {isa = PBXBuildFile; fileRef = 187518591A4D26C90016BE2C /* scan.png */; };
		1875185C1A4D26C90016BE2C /* share.png in Resources */ = {isa = PBXBuildFile; fileRef = 1875185A1A4D26C90016BE2C /* share.png */; };
		1875185F1A4D2DA70016BE2C /* scanView.swift in Sources */ = {isa = PBXBuildFile; fileRef = 1875185E1A4D2DA70016BE2C /* scanView.swift */; };
/* End PBXBuildFile section */

/* Begin PBXContainerItemProxy section */
		185541A91A36D19400B8876E /* PBXContainerItemProxy */ = {
			isa = PBXContainerItemProxy;
			containerPortal = 185541871A36D19400B8876E /* Project object */;
			proxyType = 1;
			remoteGlobalIDString = 1855418E1A36D19400B8876E;
			remoteInfo = UUBoxSomething;
		};
/* End PBXContainerItemProxy section */

/* Begin PBXFileReference section */
		181A67171A37EA4800E01468 /* set_charge.png */ = {isa = PBXFileReference; lastKnownFileType = image.png; path = set_charge.png; sourceTree = "<group>"; };
		181A67181A37EA4800E01468 /* set_va.png */ = {isa = PBXFileReference; lastKnownFileType = image.png; path = set_va.png; sourceTree = "<group>"; };
		181A671B1A37F45A00E01468 /* cir1.png */ = {isa = PBXFileReference; lastKnownFileType = image.png; path = cir1.png; sourceTree = "<group>"; };
		181A671C1A37F45A00E01468 /* cir2.png */ = {isa = PBXFileReference; lastKnownFileType = image.png; path = cir2.png; sourceTree = "<group>"; };
		181A671F1A38364100E01468 /* set_fee.png */ = {isa = PBXFileReference; lastKnownFileType = image.png; path = set_fee.png; sourceTree = "<group>"; };
		183E696E1A4113AD001DB687 /* cipher.png */ = {isa = PBXFileReference; lastKnownFileType = image.png; path = cipher.png; sourceTree = "<group>"; };
		183E696F1A4113AD001DB687 /* name.png */ = {isa = PBXFileReference; lastKnownFileType = image.png; path = name.png; sourceTree = "<group>"; };
		183E69701A4113AD001DB687 /* remember.png */ = {isa = PBXFileReference; lastKnownFileType = image.png; path = remember.png; sourceTree = "<group>"; };
		183E69711A4113AD001DB687 /* remember_down.png */ = {isa = PBXFileReference; lastKnownFileType = image.png; path = remember_down.png; sourceTree = "<group>"; };
		183E69721A4113AD001DB687 /* 盒2FDF~1_02.png */ = {isa = PBXFileReference; lastKnownFileType = image.png; path = "盒2FDF~1_02.png"; sourceTree = "<group>"; };
		183E69731A4113AD001DB687 /* 盒子注册.png */ = {isa = PBXFileReference; lastKnownFileType = image.png; path = "盒子注册.png"; sourceTree = "<group>"; };
		1855418F1A36D19400B8876E /* UUBoxSomething.app */ = {isa = PBXFileReference; explicitFileType = wrapper.application; includeInIndex = 0; path = UUBoxSomething.app; sourceTree = BUILT_PRODUCTS_DIR; };
		185541931A36D19400B8876E /* Info.plist */ = {isa = PBXFileReference; lastKnownFileType = text.plist.xml; path = Info.plist; sourceTree = "<group>"; };
		185541941A36D19400B8876E /* main.m */ = {isa = PBXFileReference; lastKnownFileType = sourcecode.c.objc; path = main.m; sourceTree = "<group>"; };
		185541961A36D19400B8876E /* AppDelegate.h */ = {isa = PBXFileReference; lastKnownFileType = sourcecode.c.h; path = AppDelegate.h; sourceTree = "<group>"; };
		185541971A36D19400B8876E /* AppDelegate.m */ = {isa = PBXFileReference; lastKnownFileType = sourcecode.c.objc; path = AppDelegate.m; sourceTree = "<group>"; };
		185541991A36D19400B8876E /* ViewController.h */ = {isa = PBXFileReference; lastKnownFileType = sourcecode.c.h; path = ViewController.h; sourceTree = "<group>"; };
		1855419A1A36D19400B8876E /* ViewController.m */ = {isa = PBXFileReference; lastKnownFileType = sourcecode.c.objc; path = ViewController.m; sourceTree = "<group>"; };
		1855419D1A36D19400B8876E /* Base */ = {isa = PBXFileReference; lastKnownFileType = file.storyboard; name = Base; path = Base.lproj/Main.storyboard; sourceTree = "<group>"; };
		1855419F1A36D19400B8876E /* Images.xcassets */ = {isa = PBXFileReference; lastKnownFileType = folder.assetcatalog; path = Images.xcassets; sourceTree = "<group>"; };
		185541A21A36D19400B8876E /* Base */ = {isa = PBXFileReference; lastKnownFileType = file.xib; name = Base; path = Base.lproj/LaunchScreen.xib; sourceTree = "<group>"; };
		185541A81A36D19400B8876E /* UUBoxSomethingTests.xctest */ = {isa = PBXFileReference; explicitFileType = wrapper.cfbundle; includeInIndex = 0; path = UUBoxSomethingTests.xctest; sourceTree = BUILT_PRODUCTS_DIR; };
		185541AD1A36D19400B8876E /* Info.plist */ = {isa = PBXFileReference; lastKnownFileType = text.plist.xml; path = Info.plist; sourceTree = "<group>"; };
		185541AE1A36D19400B8876E /* UUBoxSomethingTests.m */ = {isa = PBXFileReference; lastKnownFileType = sourcecode.c.objc; path = UUBoxSomethingTests.m; sourceTree = "<group>"; };
		185541BC1A36D2FA00B8876E /* signin_back.jpg */ = {isa = PBXFileReference; lastKnownFileType = image.jpeg; path = signin_back.jpg; sourceTree = "<group>"; };
		185541BE1A36D3E300B8876E /* signin_figure.png */ = {isa = PBXFileReference; lastKnownFileType = image.png; path = signin_figure.png; sourceTree = "<group>"; };
		185541C01A36D93E00B8876E /* signin_bac.png */ = {isa = PBXFileReference; lastKnownFileType = image.png; path = signin_bac.png; sourceTree = "<group>"; };
		185541C21A36DDA000B8876E /* signin_bt.png */ = {isa = PBXFileReference; lastKnownFileType = image.png; path = signin_bt.png; sourceTree = "<group>"; };
		185541C71A36E40400B8876E /* set_back.png */ = {isa = PBXFileReference; lastKnownFileType = image.png; path = set_back.png; sourceTree = "<group>"; };
		187518551A4D1E320016BE2C /* mycir1.png */ = {isa = PBXFileReference; lastKnownFileType = image.png; path = mycir1.png; sourceTree = "<group>"; };
		187518561A4D1E320016BE2C /* mycir2.png */ = {isa = PBXFileReference; lastKnownFileType = image.png; path = mycir2.png; sourceTree = "<group>"; };
		187518591A4D26C90016BE2C /* scan.png */ = {isa = PBXFileReference; lastKnownFileType = image.png; path = scan.png; sourceTree = "<group>"; };
		1875185A1A4D26C90016BE2C /* share.png */ = {isa = PBXFileReference; lastKnownFileType = image.png; path = share.png; sourceTree = "<group>"; };
		1875185D1A4D2DA60016BE2C /* UUBoxSomething-Bridging-Header.h */ = {isa = PBXFileReference; lastKnownFileType = sourcecode.c.h; path = "UUBoxSomething-Bridging-Header.h"; sourceTree = "<group>"; };
		1875185E1A4D2DA70016BE2C /* scanView.swift */ = {isa = PBXFileReference; fileEncoding = 4; lastKnownFileType = sourcecode.swift; path = scanView.swift; sourceTree = "<group>"; };
/* End PBXFileReference section */

/* Begin PBXFrameworksBuildPhase section */
		1855418C1A36D19400B8876E /* Frameworks */ = {
			isa = PBXFrameworksBuildPhase;
			buildActionMask = 2147483647;
			files = (
			);
			runOnlyForDeploymentPostprocessing = 0;
		};
		185541A51A36D19400B8876E /* Frameworks */ = {
			isa = PBXFrameworksBuildPhase;
			buildActionMask = 2147483647;
			files = (
			);
			runOnlyForDeploymentPostprocessing = 0;
		};
/* End PBXFrameworksBuildPhase section */

/* Begin PBXGroup section */
		183E696D1A4113AD001DB687 /* 切片 */ = {
			isa = PBXGroup;
			children = (
				183E696E1A4113AD001DB687 /* cipher.png */,
				183E696F1A4113AD001DB687 /* name.png */,
				183E69701A4113AD001DB687 /* remember.png */,
				183E69711A4113AD001DB687 /* remember_down.png */,
				183E69721A4113AD001DB687 /* 盒2FDF~1_02.png */,
				183E69731A4113AD001DB687 /* 盒子注册.png */,
			);
			path = "切片";
			sourceTree = "<group>";
		};
		185541861A36D19400B8876E = {
			isa = PBXGroup;
			children = (
				185541911A36D19400B8876E /* UUBoxSomething */,
				185541AB1A36D19400B8876E /* UUBoxSomethingTests */,
				185541901A36D19400B8876E /* Products */,
			);
			sourceTree = "<group>";
		};
		185541901A36D19400B8876E /* Products */ = {
			isa = PBXGroup;
			children = (
				1855418F1A36D19400B8876E /* UUBoxSomething.app */,
				185541A81A36D19400B8876E /* UUBoxSomethingTests.xctest */,
			);
			name = Products;
			sourceTree = "<group>";
		};
		185541911A36D19400B8876E /* UUBoxSomething */ = {
			isa = PBXGroup;
			children = (
				185541961A36D19400B8876E /* AppDelegate.h */,
				185541971A36D19400B8876E /* AppDelegate.m */,
				185541991A36D19400B8876E /* ViewController.h */,
				1855419A1A36D19400B8876E /* ViewController.m */,
				1875185E1A4D2DA70016BE2C /* scanView.swift */,
				1855419C1A36D19400B8876E /* Main.storyboard */,
				1855419F1A36D19400B8876E /* Images.xcassets */,
				185541A11A36D19400B8876E /* LaunchScreen.xib */,
				185541BB1A36D2FA00B8876E /* pic */,
				185541921A36D19400B8876E /* Supporting Files */,
				1875185D1A4D2DA60016BE2C /* UUBoxSomething-Bridging-Header.h */,
			);
			path = UUBoxSomething;
			sourceTree = "<group>";
		};
		185541921A36D19400B8876E /* Supporting Files */ = {
			isa = PBXGroup;
			children = (
				185541931A36D19400B8876E /* Info.plist */,
				185541941A36D19400B8876E /* main.m */,
			);
			name = "Supporting Files";
			sourceTree = "<group>";
		};
		185541AB1A36D19400B8876E /* UUBoxSomethingTests */ = {
			isa = PBXGroup;
			children = (
				185541AE1A36D19400B8876E /* UUBoxSomethingTests.m */,
				185541AC1A36D19400B8876E /* Supporting Files */,
			);
			path = UUBoxSomethingTests;
			sourceTree = "<group>";
		};
		185541AC1A36D19400B8876E /* Supporting Files */ = {
			isa = PBXGroup;
			children = (
				185541AD1A36D19400B8876E /* Info.plist */,
			);
			name = "Supporting Files";
			sourceTree = "<group>";
		};
		185541BB1A36D2FA00B8876E /* pic */ = {
			isa = PBXGroup;
			children = (
				183E696D1A4113AD001DB687 /* 切片 */,
				181A671F1A38364100E01468 /* set_fee.png */,
				187518591A4D26C90016BE2C /* scan.png */,
				1875185A1A4D26C90016BE2C /* share.png */,
				187518551A4D1E320016BE2C /* mycir1.png */,
				187518561A4D1E320016BE2C /* mycir2.png */,
				181A671B1A37F45A00E01468 /* cir1.png */,
				181A671C1A37F45A00E01468 /* cir2.png */,
				181A67171A37EA4800E01468 /* set_charge.png */,
				181A67181A37EA4800E01468 /* set_va.png */,
				185541C71A36E40400B8876E /* set_back.png */,
				185541C21A36DDA000B8876E /* signin_bt.png */,
				185541C01A36D93E00B8876E /* signin_bac.png */,
				185541BE1A36D3E300B8876E /* signin_figure.png */,
				185541BC1A36D2FA00B8876E /* signin_back.jpg */,
			);
			path = pic;
			sourceTree = "<group>";
		};
/* End PBXGroup section */

/* Begin PBXNativeTarget section */
		1855418E1A36D19400B8876E /* UUBoxSomething */ = {
			isa = PBXNativeTarget;
			buildConfigurationList = 185541B21A36D19400B8876E /* Build configuration list for PBXNativeTarget "UUBoxSomething" */;
			buildPhases = (
				1855418B1A36D19400B8876E /* Sources */,
				1855418C1A36D19400B8876E /* Frameworks */,
				1855418D1A36D19400B8876E /* Resources */,
			);
			buildRules = (
			);
			dependencies = (
			);
			name = UUBoxSomething;
			productName = UUBoxSomething;
			productReference = 1855418F1A36D19400B8876E /* UUBoxSomething.app */;
			productType = "com.apple.product-type.application";
		};
		185541A71A36D19400B8876E /* UUBoxSomethingTests */ = {
			isa = PBXNativeTarget;
			buildConfigurationList = 185541B51A36D19400B8876E /* Build configuration list for PBXNativeTarget "UUBoxSomethingTests" */;
			buildPhases = (
				185541A41A36D19400B8876E /* Sources */,
				185541A51A36D19400B8876E /* Frameworks */,
				185541A61A36D19400B8876E /* Resources */,
			);
			buildRules = (
			);
			dependencies = (
				185541AA1A36D19400B8876E /* PBXTargetDependency */,
			);
			name = UUBoxSomethingTests;
			productName = UUBoxSomethingTests;
			productReference = 185541A81A36D19400B8876E /* UUBoxSomethingTests.xctest */;
			productType = "com.apple.product-type.bundle.unit-test";
		};
/* End PBXNativeTarget section */

/* Begin PBXProject section */
		185541871A36D19400B8876E /* Project object */ = {
			isa = PBXProject;
			attributes = {
				LastUpgradeCheck = 0610;
				ORGANIZATIONNAME = "___GWH___";
				TargetAttributes = {
					1855418E1A36D19400B8876E = {
						CreatedOnToolsVersion = 6.1;
					};
					185541A71A36D19400B8876E = {
						CreatedOnToolsVersion = 6.1;
						TestTargetID = 1855418E1A36D19400B8876E;
					};
				};
			};
			buildConfigurationList = 1855418A1A36D19400B8876E /* Build configuration list for PBXProject "UUBoxSomething" */;
			compatibilityVersion = "Xcode 3.2";
			developmentRegion = English;
			hasScannedForEncodings = 0;
			knownRegions = (
				en,
				Base,
			);
			mainGroup = 185541861A36D19400B8876E;
			productRefGroup = 185541901A36D19400B8876E /* Products */;
			projectDirPath = "";
			projectRoot = "";
			targets = (
				1855418E1A36D19400B8876E /* UUBoxSomething */,
				185541A71A36D19400B8876E /* UUBoxSomethingTests */,
			);
		};
/* End PBXProject section */

/* Begin PBXResourcesBuildPhase section */
		1855418D1A36D19400B8876E /* Resources */ = {
			isa = PBXResourcesBuildPhase;
			buildActionMask = 2147483647;
			files = (
				181A67191A37EA4800E01468 /* set_charge.png in Resources */,
				181A671D1A37F45A00E01468 /* cir1.png in Resources */,
				1875185B1A4D26C90016BE2C /* scan.png in Resources */,
				1855419E1A36D19400B8876E /* Main.storyboard in Resources */,
				185541A31A36D19400B8876E /* LaunchScreen.xib in Resources */,
				181A671A1A37EA4800E01468 /* set_va.png in Resources */,
				185541BD1A36D2FA00B8876E /* signin_back.jpg in Resources */,
				183E69741A4113AD001DB687 /* cipher.png in Resources */,
				185541C81A36E40400B8876E /* set_back.png in Resources */,
				185541C31A36DDA000B8876E /* signin_bt.png in Resources */,
				183E69771A4113AD001DB687 /* remember_down.png in Resources */,
				181A67201A38364100E01468 /* set_fee.png in Resources */,
				187518581A4D1E320016BE2C /* mycir2.png in Resources */,
				1875185C1A4D26C90016BE2C /* share.png in Resources */,
				183E69781A4113AD001DB687 /* 盒2FDF~1_02.png in Resources */,
				183E69791A4113AD001DB687 /* 盒子注册.png in Resources */,
				185541A01A36D19400B8876E /* Images.xcassets in Resources */,
				187518571A4D1E320016BE2C /* mycir1.png in Resources */,
				183E69751A4113AD001DB687 /* name.png in Resources */,
				185541C11A36D93E00B8876E /* signin_bac.png in Resources */,
				185541BF1A36D3E300B8876E /* signin_figure.png in Resources */,
				183E69761A4113AD001DB687 /* remember.png in Resources */,
				181A671E1A37F45A00E01468 /* cir2.png in Resources */,
			);
			runOnlyForDeploymentPostprocessing = 0;
		};
		185541A61A36D19400B8876E /* Resources */ = {
			isa = PBXResourcesBuildPhase;
			buildActionMask = 2147483647;
			files = (
			);
			runOnlyForDeploymentPostprocessing = 0;
		};
/* End PBXResourcesBuildPhase section */

/* Begin PBXSourcesBuildPhase section */
		1855418B1A36D19400B8876E /* Sources */ = {
			isa = PBXSourcesBuildPhase;
			buildActionMask = 2147483647;
			files = (
				1875185F1A4D2DA70016BE2C /* scanView.swift in Sources */,
				1855419B1A36D19400B8876E /* ViewController.m in Sources */,
				185541981A36D19400B8876E /* AppDelegate.m in Sources */,
				185541951A36D19400B8876E /* main.m in Sources */,
			);
			runOnlyForDeploymentPostprocessing = 0;
		};
		185541A41A36D19400B8876E /* Sources */ = {
			isa = PBXSourcesBuildPhase;
			buildActionMask = 2147483647;
			files = (
				185541AF1A36D19400B8876E /* UUBoxSomethingTests.m in Sources */,
			);
			runOnlyForDeploymentPostprocessing = 0;
		};
/* End PBXSourcesBuildPhase section */

/* Begin PBXTargetDependency section */
		185541AA1A36D19400B8876E /* PBXTargetDependency */ = {
			isa = PBXTargetDependency;
			target = 1855418E1A36D19400B8876E /* UUBoxSomething */;
			targetProxy = 185541A91A36D19400B8876E /* PBXContainerItemProxy */;
		};
/* End PBXTargetDependency section */

/* Begin PBXVariantGroup section */
		1855419C1A36D19400B8876E /* Main.storyboard */ = {
			isa = PBXVariantGroup;
			children = (
				1855419D1A36D19400B8876E /* Base */,
			);
			name = Main.storyboard;
			sourceTree = "<group>";
		};
		185541A11A36D19400B8876E /* LaunchScreen.xib */ = {
			isa = PBXVariantGroup;
			children = (
				185541A21A36D19400B8876E /* Base */,
			);
			name = LaunchScreen.xib;
			sourceTree = "<group>";
		};
/* End PBXVariantGroup section */

/* Begin XCBuildConfiguration section */
		185541B01A36D19400B8876E /* Debug */ = {
			isa = XCBuildConfiguration;
			buildSettings = {
				ALWAYS_SEARCH_USER_PATHS = NO;
				CLANG_CXX_LANGUAGE_STANDARD = "gnu++0x";
				CLANG_CXX_LIBRARY = "libc++";
				CLANG_ENABLE_MODULES = YES;
				CLANG_ENABLE_OBJC_ARC = YES;
				CLANG_WARN_BOOL_CONVERSION = YES;
				CLANG_WARN_CONSTANT_CONVERSION = YES;
				CLANG_WARN_DIRECT_OBJC_ISA_USAGE = YES_ERROR;
				CLANG_WARN_EMPTY_BODY = YES;
				CLANG_WARN_ENUM_CONVERSION = YES;
				CLANG_WARN_INT_CONVERSION = YES;
				CLANG_WARN_OBJC_ROOT_CLASS = YES_ERROR;
				CLANG_WARN_UNREACHABLE_CODE = YES;
				CLANG_WARN__DUPLICATE_METHOD_MATCH = YES;
				"CODE_SIGN_IDENTITY[sdk=iphoneos*]" = "iPhone Developer";
				COPY_PHASE_STRIP = NO;
				ENABLE_STRICT_OBJC_MSGSEND = YES;
				GCC_C_LANGUAGE_STANDARD = gnu99;
				GCC_DYNAMIC_NO_PIC = NO;
				GCC_OPTIMIZATION_LEVEL = 0;
				GCC_PREPROCESSOR_DEFINITIONS = (
					"DEBUG=1",
					"$(inherited)",
				);
				GCC_SYMBOLS_PRIVATE_EXTERN = NO;
				GCC_WARN_64_TO_32_BIT_CONVERSION = YES;
				GCC_WARN_ABOUT_RETURN_TYPE = YES_ERROR;
				GCC_WARN_UNDECLARED_SELECTOR = YES;
				GCC_WARN_UNINITIALIZED_AUTOS = YES_AGGRESSIVE;
				GCC_WARN_UNUSED_FUNCTION = YES;
				GCC_WARN_UNUSED_VARIABLE = YES;
				IPHONEOS_DEPLOYMENT_TARGET = 8.1;
				MTL_ENABLE_DEBUG_INFO = YES;
				ONLY_ACTIVE_ARCH = YES;
				SDKROOT = iphoneos;
			};
			name = Debug;
		};
		185541B11A36D19400B8876E /* Release */ = {
			isa = XCBuildConfiguration;
			buildSettings = {
				ALWAYS_SEARCH_USER_PATHS = NO;
				CLANG_CXX_LANGUAGE_STANDARD = "gnu++0x";
				CLANG_CXX_LIBRARY = "libc++";
				CLANG_ENABLE_MODULES = YES;
				CLANG_ENABLE_OBJC_ARC = YES;
				CLANG_WARN_BOOL_CONVERSION = YES;
				CLANG_WARN_CONSTANT_CONVERSION = YES;
				CLANG_WARN_DIRECT_OBJC_ISA_USAGE = YES_ERROR;
				CLANG_WARN_EMPTY_BODY = YES;
				CLANG_WARN_ENUM_CONVERSION = YES;
				CLANG_WARN_INT_CONVERSION = YES;
				CLANG_WARN_OBJC_ROOT_CLASS = YES_ERROR;
				CLANG_WARN_UNREACHABLE_CODE = YES;
				CLANG_WARN__DUPLICATE_METHOD_MATCH = YES;
				"CODE_SIGN_IDENTITY[sdk=iphoneos*]" = "iPhone Developer";
				COPY_PHASE_STRIP = YES;
				ENABLE_NS_ASSERTIONS = NO;
				ENABLE_STRICT_OBJC_MSGSEND = YES;
				GCC_C_LANGUAGE_STANDARD = gnu99;
				GCC_WARN_64_TO_32_BIT_CONVERSION = YES;
				GCC_WARN_ABOUT_RETURN_TYPE = YES_ERROR;
				GCC_WARN_UNDECLARED_SELECTOR = YES;
				GCC_WARN_UNINITIALIZED_AUTOS = YES_AGGRESSIVE;
				GCC_WARN_UNUSED_FUNCTION = YES;
				GCC_WARN_UNUSED_VARIABLE = YES;
				IPHONEOS_DEPLOYMENT_TARGET = 8.1;
				MTL_ENABLE_DEBUG_INFO = NO;
				SDKROOT = iphoneos;
				VALIDATE_PRODUCT = YES;
			};
			name = Release;
		};
		185541B31A36D19400B8876E /* Debug */ = {
			isa = XCBuildConfiguration;
			buildSettings = {
				ASSETCATALOG_COMPILER_APPICON_NAME = AppIcon;
				CLANG_ENABLE_MODULES = YES;
				DEFINES_MODULE = YES;
				INFOPLIST_FILE = UUBoxSomething/Info.plist;
				LD_RUNPATH_SEARCH_PATHS = "$(inherited) @executable_path/Frameworks";
				PRODUCT_NAME = "$(TARGET_NAME)";
				SWIFT_OBJC_BRIDGING_HEADER = "UUBoxSomething/UUBoxSomething-Bridging-Header.h";
				SWIFT_OPTIMIZATION_LEVEL = "-Onone";
			};
			name = Debug;
		};
		185541B41A36D19400B8876E /* Release */ = {
			isa = XCBuildConfiguration;
			buildSettings = {
				ASSETCATALOG_COMPILER_APPICON_NAME = AppIcon;
				CLANG_ENABLE_MODULES = YES;
				DEFINES_MODULE = YES;
				INFOPLIST_FILE = UUBoxSomething/Info.plist;
				LD_RUNPATH_SEARCH_PATHS = "$(inherited) @executable_path/Frameworks";
				PRODUCT_NAME = "$(TARGET_NAME)";
				SWIFT_OBJC_BRIDGING_HEADER = "UUBoxSomething/UUBoxSomething-Bridging-Header.h";
			};
			name = Release;
		};
		185541B61A36D19400B8876E /* Debug */ = {
			isa = XCBuildConfiguration;
			buildSettings = {
				BUNDLE_LOADER = "$(TEST_HOST)";
				FRAMEWORK_SEARCH_PATHS = (
					"$(SDKROOT)/Developer/Library/Frameworks",
					"$(inherited)",
				);
				GCC_PREPROCESSOR_DEFINITIONS = (
					"DEBUG=1",
					"$(inherited)",
				);
				INFOPLIST_FILE = UUBoxSomethingTests/Info.plist;
				LD_RUNPATH_SEARCH_PATHS = "$(inherited) @executable_path/Frameworks @loader_path/Frameworks";
				PRODUCT_NAME = "$(TARGET_NAME)";
				TEST_HOST = "$(BUILT_PRODUCTS_DIR)/UUBoxSomething.app/UUBoxSomething";
			};
			name = Debug;
		};
		185541B71A36D19400B8876E /* Release */ = {
			isa = XCBuildConfiguration;
			buildSettings = {
				BUNDLE_LOADER = "$(TEST_HOST)";
				FRAMEWORK_SEARCH_PATHS = (
					"$(SDKROOT)/Developer/Library/Frameworks",
					"$(inherited)",
				);
				INFOPLIST_FILE = UUBoxSomethingTests/Info.plist;
				LD_RUNPATH_SEARCH_PATHS = "$(inherited) @executable_path/Frameworks @loader_path/Frameworks";
				PRODUCT_NAME = "$(TARGET_NAME)";
				TEST_HOST = "$(BUILT_PRODUCTS_DIR)/UUBoxSomething.app/UUBoxSomething";
			};
			name = Release;
		};
/* End XCBuildConfiguration section */

/* Begin XCConfigurationList section */
		1855418A1A36D19400B8876E /* Build configuration list for PBXProject "UUBoxSomething" */ = {
			isa = XCConfigurationList;
			buildConfigurations = (
				185541B01A36D19400B8876E /* Debug */,
				185541B11A36D19400B8876E /* Release */,
			);
			defaultConfigurationIsVisible = 0;
			defaultConfigurationName = Release;
		};
		185541B21A36D19400B8876E /* Build configuration list for PBXNativeTarget "UUBoxSomething" */ = {
			isa = XCConfigurationList;
			buildConfigurations = (
				185541B31A36D19400B8876E /* Debug */,
				185541B41A36D19400B8876E /* Release */,
			);
			defaultConfigurationIsVisible = 0;
			defaultConfigurationName = Release;
		};
		185541B51A36D19400B8876E /* Build configuration list for PBXNativeTarget "UUBoxSomethingTests" */ = {
			isa = XCConfigurationList;
			buildConfigurations = (
				185541B61A36D19400B8876E /* Debug */,
				185541B71A36D19400B8876E /* Release */,
			);
			defaultConfigurationIsVisible = 0;
			defaultConfigurationName = Release;
		};
/* End XCConfigurationList section */
	};
	rootObject = 185541871A36D19400B8876E /* Project object */;
}
